
Microsoft Visual Studio Solution File, Format Version 12.00
# Visual Studio Version 17
VisualStudioVersion = 17.4.33213.308
MinimumVisualStudioVersion = 10.0.40219.1
Project("{FAE04EC0-301F-11D3-BF4B-00C04F79EFBC}") = "gbHW_34_36_38", "gbHW_34_36_38\gbHW_34_36_38.csproj", "{6CD41463-9610-4228-8E34-D166BE825460}"
EndProject
Global
	GlobalSection(SolutionConfigurationPlatforms) = preSolution
		Debug|Any CPU = Debug|Any CPU
		Release|Any CPU = Release|Any CPU
	EndGlobalSection
	GlobalSection(ProjectConfigurationPlatforms) = postSolution
		{6CD41463-9610-4228-8E34-D166BE825460}.Debug|Any CPU.ActiveCfg = Debug|Any CPU
		{6CD41463-9610-4228-8E34-D166BE825460}.Debug|Any CPU.Build.0 = Debug|Any CPU
		{6CD41463-9610-4228-8E34-D166BE825460}.Release|Any CPU.ActiveCfg = Release|Any CPU
		{6CD41463-9610-4228-8E34-D166BE825460}.Release|Any CPU.Build.0 = Release|Any CPU
	EndGlobalSection
	GlobalSection(SolutionProperties) = preSolution
		HideSolutionNode = FALSE
	EndGlobalSection
	GlobalSection(ExtensibilityGlobals) = postSolution
		SolutionGuid = {0E5999E3-C109-4447-A299-E7519F41FB4C}
	EndGlobalSection
EndGlobal
